
Microsoft Visual Studio Solution File, Format Version 12.00
# Visual Studio 14
VisualStudioVersion = 14.0.25420.1
MinimumVisualStudioVersion = 10.0.40219.1
Project("{FAE04EC0-301F-11D3-BF4B-00C04F79EFBC}") = "LGD.DAL", "LGD.DAL\LGD.DAL.csproj", "{5CEDDE9C-82B2-4EC7-999B-95A764D7DC2B}"
EndProject
Project("{FAE04EC0-301F-11D3-BF4B-00C04F79EFBC}") = "LGD.BLL", "LGD.BLL\LGD.BLL.csproj", "{5343EC38-7DD8-437E-92BE-19097C3A438D}"
EndProject
Project("{FAE04EC0-301F-11D3-BF4B-00C04F79EFBC}") = "Tool", "Tool\Tool.csproj", "{F7B887C5-3280-48D3-88B6-DB75DFBF5AE0}"
EndProject
Project("{FAE04EC0-301F-11D3-BF4B-00C04F79EFBC}") = "LGD.Model", "LGD.Model\LGD.Model.csproj", "{C1B7DD0B-FD23-4C4F-A482-1B186E4DA580}"
EndProject
Project("{FAE04EC0-301F-11D3-BF4B-00C04F79EFBC}") = "LGD.UI", "LGD.UI\LGD.UI.csproj", "{C9CF6B17-0267-4462-8100-775C0118E6A1}"
EndProject
Project("{FAE04EC0-301F-11D3-BF4B-00C04F79EFBC}") = "LGD.DALFactory", "LGD.DALFactory\LGD.DALFactory.csproj", "{EA6A2FB6-6355-412D-A8F4-25257B243D10}"
EndProject
Project("{FAE04EC0-301F-11D3-BF4B-00C04F79EFBC}") = "LGD.IDAL", "LGD.IDAL\LGD.IDAL.csproj", "{B12BAE3F-63E2-4848-9A44-9708FD60F7DD}"
EndProject
Project("{FAE04EC0-301F-11D3-BF4B-00C04F79EFBC}") = "RealTimeDB", "RealTimeDB\RealTimeDB.csproj", "{0F065567-9546-4F07-BAA8-F027475D57B3}"
EndProject
Project("{FAE04EC0-301F-11D3-BF4B-00C04F79EFBC}") = "LGD.Entity", "LGD.Entity\LGD.Entity.csproj", "{DF1E3046-845D-48F2-9CE3-7933D64BD3E9}"
EndProject
Project("{FAE04EC0-301F-11D3-BF4B-00C04F79EFBC}") = "WebService", "WebService\WebService.csproj", "{66E7ED81-D1B0-46BC-AFF0-6135E3AE18D7}"
EndProject
Project("{FAE04EC0-301F-11D3-BF4B-00C04F79EFBC}") = "WitsTransmission", "WitsTransmission\WitsTransmission\WitsTransmission.csproj", "{257D9E9B-5DE7-49B5-BD8D-00E8628658F3}"
EndProject
Global
	GlobalSection(SolutionConfigurationPlatforms) = preSolution
		Debug|Any CPU = Debug|Any CPU
		Debug|x64 = Debug|x64
		Debug|x86 = Debug|x86
		Release|Any CPU = Release|Any CPU
		Release|x64 = Release|x64
		Release|x86 = Release|x86
	EndGlobalSection
	GlobalSection(ProjectConfigurationPlatforms) = postSolution
		{5CEDDE9C-82B2-4EC7-999B-95A764D7DC2B}.Debug|Any CPU.ActiveCfg = Debug|Any CPU
		{5CEDDE9C-82B2-4EC7-999B-95A764D7DC2B}.Debug|x64.ActiveCfg = Debug|x64
		{5CEDDE9C-82B2-4EC7-999B-95A764D7DC2B}.Debug|x64.Build.0 = Debug|x64
		{5CEDDE9C-82B2-4EC7-999B-95A764D7DC2B}.Debug|x86.ActiveCfg = Debug|x64
		{5CEDDE9C-82B2-4EC7-999B-95A764D7DC2B}.Debug|x86.Build.0 = Debug|x64
		{5CEDDE9C-82B2-4EC7-999B-95A764D7DC2B}.Release|Any CPU.ActiveCfg = Release|Any CPU
		{5CEDDE9C-82B2-4EC7-999B-95A764D7DC2B}.Release|x64.ActiveCfg = Release|x64
		{5CEDDE9C-82B2-4EC7-999B-95A764D7DC2B}.Release|x64.Build.0 = Release|x64
		{5CEDDE9C-82B2-4EC7-999B-95A764D7DC2B}.Release|x86.ActiveCfg = Release|x86
		{5CEDDE9C-82B2-4EC7-999B-95A764D7DC2B}.Release|x86.Build.0 = Release|x86
		{5343EC38-7DD8-437E-92BE-19097C3A438D}.Debug|Any CPU.ActiveCfg = Debug|x86
		{5343EC38-7DD8-437E-92BE-19097C3A438D}.Debug|x64.ActiveCfg = Debug|x64
		{5343EC38-7DD8-437E-92BE-19097C3A438D}.Debug|x64.Build.0 = Debug|x64
		{5343EC38-7DD8-437E-92BE-19097C3A438D}.Debug|x86.ActiveCfg = Debug|x64
		{5343EC38-7DD8-437E-92BE-19097C3A438D}.Debug|x86.Build.0 = Debug|x64
		{5343EC38-7DD8-437E-92BE-19097C3A438D}.Release|Any CPU.ActiveCfg = Release|x86
		{5343EC38-7DD8-437E-92BE-19097C3A438D}.Release|x64.ActiveCfg = Release|x64
		{5343EC38-7DD8-437E-92BE-19097C3A438D}.Release|x64.Build.0 = Release|x64
		{5343EC38-7DD8-437E-92BE-19097C3A438D}.Release|x86.ActiveCfg = Release|x86
		{5343EC38-7DD8-437E-92BE-19097C3A438D}.Release|x86.Build.0 = Release|x86
		{F7B887C5-3280-48D3-88B6-DB75DFBF5AE0}.Debug|Any CPU.ActiveCfg = Debug|Any CPU
		{F7B887C5-3280-48D3-88B6-DB75DFBF5AE0}.Debug|Any CPU.Deploy.0 = Debug|Any CPU
		{F7B887C5-3280-48D3-88B6-DB75DFBF5AE0}.Debug|x64.ActiveCfg = Debug|x64
		{F7B887C5-3280-48D3-88B6-DB75DFBF5AE0}.Debug|x64.Build.0 = Debug|x64
		{F7B887C5-3280-48D3-88B6-DB75DFBF5AE0}.Debug|x86.ActiveCfg = Debug|x64
		{F7B887C5-3280-48D3-88B6-DB75DFBF5AE0}.Debug|x86.Build.0 = Debug|x64
		{F7B887C5-3280-48D3-88B6-DB75DFBF5AE0}.Release|Any CPU.ActiveCfg = Release|Any CPU
		{F7B887C5-3280-48D3-88B6-DB75DFBF5AE0}.Release|x64.ActiveCfg = Release|x64
		{F7B887C5-3280-48D3-88B6-DB75DFBF5AE0}.Release|x64.Build.0 = Release|x64
		{F7B887C5-3280-48D3-88B6-DB75DFBF5AE0}.Release|x86.ActiveCfg = Release|x86
		{F7B887C5-3280-48D3-88B6-DB75DFBF5AE0}.Release|x86.Build.0 = Release|x86
		{C1B7DD0B-FD23-4C4F-A482-1B186E4DA580}.Debug|Any CPU.ActiveCfg = Debug|Any CPU
		{C1B7DD0B-FD23-4C4F-A482-1B186E4DA580}.Debug|x64.ActiveCfg = Debug|x64
		{C1B7DD0B-FD23-4C4F-A482-1B186E4DA580}.Debug|x64.Build.0 = Debug|x64
		{C1B7DD0B-FD23-4C4F-A482-1B186E4DA580}.Debug|x86.ActiveCfg = Debug|x64
		{C1B7DD0B-FD23-4C4F-A482-1B186E4DA580}.Debug|x86.Build.0 = Debug|x64
		{C1B7DD0B-FD23-4C4F-A482-1B186E4DA580}.Release|Any CPU.ActiveCfg = Release|Any CPU
		{C1B7DD0B-FD23-4C4F-A482-1B186E4DA580}.Release|x64.ActiveCfg = Release|x64
		{C1B7DD0B-FD23-4C4F-A482-1B186E4DA580}.Release|x64.Build.0 = Release|x64
		{C1B7DD0B-FD23-4C4F-A482-1B186E4DA580}.Release|x86.ActiveCfg = Release|x86
		{C1B7DD0B-FD23-4C4F-A482-1B186E4DA580}.Release|x86.Build.0 = Release|x86
		{C9CF6B17-0267-4462-8100-775C0118E6A1}.Debug|Any CPU.ActiveCfg = Debug|Any CPU
		{C9CF6B17-0267-4462-8100-775C0118E6A1}.Debug|x64.ActiveCfg = Debug|x64
		{C9CF6B17-0267-4462-8100-775C0118E6A1}.Debug|x64.Build.0 = Debug|x64
		{C9CF6B17-0267-4462-8100-775C0118E6A1}.Debug|x86.ActiveCfg = Debug|x64
		{C9CF6B17-0267-4462-8100-775C0118E6A1}.Debug|x86.Build.0 = Debug|x64
		{C9CF6B17-0267-4462-8100-775C0118E6A1}.Release|Any CPU.ActiveCfg = Release|Any CPU
		{C9CF6B17-0267-4462-8100-775C0118E6A1}.Release|x64.ActiveCfg = Release|x64
		{C9CF6B17-0267-4462-8100-775C0118E6A1}.Release|x64.Build.0 = Release|x64
		{C9CF6B17-0267-4462-8100-775C0118E6A1}.Release|x86.ActiveCfg = Release|x86
		{C9CF6B17-0267-4462-8100-775C0118E6A1}.Release|x86.Build.0 = Release|x86
		{EA6A2FB6-6355-412D-A8F4-25257B243D10}.Debug|Any CPU.ActiveCfg = Debug|Any CPU
		{EA6A2FB6-6355-412D-A8F4-25257B243D10}.Debug|x64.ActiveCfg = Debug|x64
		{EA6A2FB6-6355-412D-A8F4-25257B243D10}.Debug|x64.Build.0 = Debug|x64
		{EA6A2FB6-6355-412D-A8F4-25257B243D10}.Debug|x86.ActiveCfg = Debug|x64
		{EA6A2FB6-6355-412D-A8F4-25257B243D10}.Debug|x86.Build.0 = Debug|x64
		{EA6A2FB6-6355-412D-A8F4-25257B243D10}.Release|Any CPU.ActiveCfg = Release|Any CPU
		{EA6A2FB6-6355-412D-A8F4-25257B243D10}.Release|x64.ActiveCfg = Release|x64
		{EA6A2FB6-6355-412D-A8F4-25257B243D10}.Release|x64.Build.0 = Release|x64
		{EA6A2FB6-6355-412D-A8F4-25257B243D10}.Release|x86.ActiveCfg = Release|x86
		{EA6A2FB6-6355-412D-A8F4-25257B243D10}.Release|x86.Build.0 = Release|x86
		{B12BAE3F-63E2-4848-9A44-9708FD60F7DD}.Debug|Any CPU.ActiveCfg = Debug|Any CPU
		{B12BAE3F-63E2-4848-9A44-9708FD60F7DD}.Debug|x64.ActiveCfg = Debug|x64
		{B12BAE3F-63E2-4848-9A44-9708FD60F7DD}.Debug|x64.Build.0 = Debug|x64
		{B12BAE3F-63E2-4848-9A44-9708FD60F7DD}.Debug|x86.ActiveCfg = Debug|x64
		{B12BAE3F-63E2-4848-9A44-9708FD60F7DD}.Debug|x86.Build.0 = Debug|x64
		{B12BAE3F-63E2-4848-9A44-9708FD60F7DD}.Release|Any CPU.ActiveCfg = Release|Any CPU
		{B12BAE3F-63E2-4848-9A44-9708FD60F7DD}.Release|x64.ActiveCfg = Release|x64
		{B12BAE3F-63E2-4848-9A44-9708FD60F7DD}.Release|x64.Build.0 = Release|x64
		{B12BAE3F-63E2-4848-9A44-9708FD60F7DD}.Release|x86.ActiveCfg = Release|x86
		{B12BAE3F-63E2-4848-9A44-9708FD60F7DD}.Release|x86.Build.0 = Release|x86
		{0F065567-9546-4F07-BAA8-F027475D57B3}.Debug|Any CPU.ActiveCfg = Debug|Any CPU
		{0F065567-9546-4F07-BAA8-F027475D57B3}.Debug|x64.ActiveCfg = Debug|x64
		{0F065567-9546-4F07-BAA8-F027475D57B3}.Debug|x64.Build.0 = Debug|x64
		{0F065567-9546-4F07-BAA8-F027475D57B3}.Debug|x86.ActiveCfg = Debug|x64
		{0F065567-9546-4F07-BAA8-F027475D57B3}.Debug|x86.Build.0 = Debug|x64
		{0F065567-9546-4F07-BAA8-F027475D57B3}.Release|Any CPU.ActiveCfg = Release|Any CPU
		{0F065567-9546-4F07-BAA8-F027475D57B3}.Release|x64.ActiveCfg = Release|x64
		{0F065567-9546-4F07-BAA8-F027475D57B3}.Release|x64.Build.0 = Release|x64
		{0F065567-9546-4F07-BAA8-F027475D57B3}.Release|x86.ActiveCfg = Release|x86
		{0F065567-9546-4F07-BAA8-F027475D57B3}.Release|x86.Build.0 = Release|x86
		{DF1E3046-845D-48F2-9CE3-7933D64BD3E9}.Debug|Any CPU.ActiveCfg = Debug|Any CPU
		{DF1E3046-845D-48F2-9CE3-7933D64BD3E9}.Debug|x64.ActiveCfg = Debug|x64
		{DF1E3046-845D-48F2-9CE3-7933D64BD3E9}.Debug|x64.Build.0 = Debug|x64
		{DF1E3046-845D-48F2-9CE3-7933D64BD3E9}.Debug|x86.ActiveCfg = Debug|x64
		{DF1E3046-845D-48F2-9CE3-7933D64BD3E9}.Debug|x86.Build.0 = Debug|x64
		{DF1E3046-845D-48F2-9CE3-7933D64BD3E9}.Release|Any CPU.ActiveCfg = Release|Any CPU
		{DF1E3046-845D-48F2-9CE3-7933D64BD3E9}.Release|x64.ActiveCfg = Release|x64
		{DF1E3046-845D-48F2-9CE3-7933D64BD3E9}.Release|x64.Build.0 = Release|x64
		{DF1E3046-845D-48F2-9CE3-7933D64BD3E9}.Release|x86.ActiveCfg = Release|x86
		{DF1E3046-845D-48F2-9CE3-7933D64BD3E9}.Release|x86.Build.0 = Release|x86
		{66E7ED81-D1B0-46BC-AFF0-6135E3AE18D7}.Debug|Any CPU.ActiveCfg = Debug|Any CPU
		{66E7ED81-D1B0-46BC-AFF0-6135E3AE18D7}.Debug|x64.ActiveCfg = Debug|x64
		{66E7ED81-D1B0-46BC-AFF0-6135E3AE18D7}.Debug|x64.Build.0 = Debug|x64
		{66E7ED81-D1B0-46BC-AFF0-6135E3AE18D7}.Debug|x86.ActiveCfg = Debug|x64
		{66E7ED81-D1B0-46BC-AFF0-6135E3AE18D7}.Debug|x86.Build.0 = Debug|x64
		{66E7ED81-D1B0-46BC-AFF0-6135E3AE18D7}.Release|Any CPU.ActiveCfg = Release|Any CPU
		{66E7ED81-D1B0-46BC-AFF0-6135E3AE18D7}.Release|x64.ActiveCfg = Release|x64
		{66E7ED81-D1B0-46BC-AFF0-6135E3AE18D7}.Release|x64.Build.0 = Release|x64
		{66E7ED81-D1B0-46BC-AFF0-6135E3AE18D7}.Release|x86.ActiveCfg = Release|x86
		{66E7ED81-D1B0-46BC-AFF0-6135E3AE18D7}.Release|x86.Build.0 = Release|x86
		{257D9E9B-5DE7-49B5-BD8D-00E8628658F3}.Debug|Any CPU.ActiveCfg = Debug|Any CPU
		{257D9E9B-5DE7-49B5-BD8D-00E8628658F3}.Debug|x64.ActiveCfg = Debug|x64
		{257D9E9B-5DE7-49B5-BD8D-00E8628658F3}.Debug|x64.Build.0 = Debug|x64
		{257D9E9B-5DE7-49B5-BD8D-00E8628658F3}.Debug|x86.ActiveCfg = Debug|x64
		{257D9E9B-5DE7-49B5-BD8D-00E8628658F3}.Debug|x86.Build.0 = Debug|x64
		{257D9E9B-5DE7-49B5-BD8D-00E8628658F3}.Release|Any CPU.ActiveCfg = Release|Any CPU
		{257D9E9B-5DE7-49B5-BD8D-00E8628658F3}.Release|x64.ActiveCfg = Release|x64
		{257D9E9B-5DE7-49B5-BD8D-00E8628658F3}.Release|x64.Build.0 = Release|x64
		{257D9E9B-5DE7-49B5-BD8D-00E8628658F3}.Release|x86.ActiveCfg = Release|x86
		{257D9E9B-5DE7-49B5-BD8D-00E8628658F3}.Release|x86.Build.0 = Release|x86
	EndGlobalSection
	GlobalSection(SolutionProperties) = preSolution
		HideSolutionNode = FALSE
	EndGlobalSection
	GlobalSection(ExtensibilityGlobals) = postSolution
		VisualSVNWorkingCopyRoot = .
	EndGlobalSection
EndGlobal
